// !$*UTF8*$!
{
	archiveVersion = 1;
	classes = {
	};
	objectVersion = 50;
	objects = {

/* Begin PBXBuildFile section */
		3EA79F3C21CB1CD800234D55 /* AppDelegate.swift in Sources */ = {isa = PBXBuildFile; fileRef = 3EA79F3B21CB1CD800234D55 /* AppDelegate.swift */; };
		3EA79F3E21CB1CD800234D55 /* ViewController.swift in Sources */ = {isa = PBXBuildFile; fileRef = 3EA79F3D21CB1CD800234D55 /* ViewController.swift */; };
		3EA79F4121CB1CD800234D55 /* Main.storyboard in Resources */ = {isa = PBXBuildFile; fileRef = 3EA79F3F21CB1CD800234D55 /* Main.storyboard */; };
		3EA79F4321CB1CD900234D55 /* Assets.xcassets in Resources */ = {isa = PBXBuildFile; fileRef = 3EA79F4221CB1CD900234D55 /* Assets.xcassets */; };
		3EA79F4621CB1CD900234D55 /* LaunchScreen.storyboard in Resources */ = {isa = PBXBuildFile; fileRef = 3EA79F4421CB1CD900234D55 /* LaunchScreen.storyboard */; };
		3EA79F4E21CB1D8600234D55 /* Gotti.mp3 in Resources */ = {isa = PBXBuildFile; fileRef = 3EA79F4D21CB1D8600234D55 /* Gotti.mp3 */; };
		3EA79F5021CB1DD400234D55 /* Extensions+UIView.swift in Sources */ = {isa = PBXBuildFile; fileRef = 3EA79F4F21CB1DD400234D55 /* Extensions+UIView.swift */; };
/* End PBXBuildFile section */

/* Begin PBXFileReference section */
		3EA79F3821CB1CD800234D55 /* December-19th.app */ = {isa = PBXFileReference; explicitFileType = wrapper.application; includeInIndex = 0; path = "December-19th.app"; sourceTree = BUILT_PRODUCTS_DIR; };
		3EA79F3B21CB1CD800234D55 /* AppDelegate.swift */ = {isa = PBXFileReference; lastKnownFileType = sourcecode.swift; path = AppDelegate.swift; sourceTree = "<group>"; };
		3EA79F3D21CB1CD800234D55 /* ViewController.swift */ = {isa = PBXFileReference; lastKnownFileType = sourcecode.swift; path = ViewController.swift; sourceTree = "<group>"; };
		3EA79F4021CB1CD800234D55 /* Base */ = {isa = PBXFileReference; lastKnownFileType = file.storyboard; name = Base; path = Base.lproj/Main.storyboard; sourceTree = "<group>"; };
		3EA79F4221CB1CD900234D55 /* Assets.xcassets */ = {isa = PBXFileReference; lastKnownFileType = folder.assetcatalog; path = Assets.xcassets; sourceTree = "<group>"; };
		3EA79F4521CB1CD900234D55 /* Base */ = {isa = PBXFileReference; lastKnownFileType = file.storyboard; name = Base; path = Base.lproj/LaunchScreen.storyboard; sourceTree = "<group>"; };
		3EA79F4721CB1CD900234D55 /* Info.plist */ = {isa = PBXFileReference; lastKnownFileType = text.plist.xml; path = Info.plist; sourceTree = "<group>"; };
		3EA79F4D21CB1D8600234D55 /* Gotti.mp3 */ = {isa = PBXFileReference; lastKnownFileType = audio.mp3; path = Gotti.mp3; sourceTree = "<group>"; };
		3EA79F4F21CB1DD400234D55 /* Extensions+UIView.swift */ = {isa = PBXFileReference; fileEncoding = 4; lastKnownFileType = sourcecode.swift; path = "Extensions+UIView.swift"; sourceTree = "<group>"; };
/* End PBXFileReference section */

/* Begin PBXFrameworksBuildPhase section */
		3EA79F3521CB1CD800234D55 /* Frameworks */ = {
			isa = PBXFrameworksBuildPhase;
			buildActionMask = 2147483647;
			files = (
			);
			runOnlyForDeploymentPostprocessing = 0;
		};
/* End PBXFrameworksBuildPhase section */

/* Begin PBXGroup section */
		3EA79F2F21CB1CD800234D55 = {
			isa = PBXGroup;
			children = (
				3EA79F3A21CB1CD800234D55 /* December-19th */,
				3EA79F3921CB1CD800234D55 /* Products */,
			);
			sourceTree = "<group>";
		};
		3EA79F3921CB1CD800234D55 /* Products */ = {
			isa = PBXGroup;
			children = (
				3EA79F3821CB1CD800234D55 /* December-19th.app */,
			);
			name = Products;
			sourceTree = "<group>";
		};
		3EA79F3A21CB1CD800234D55 /* December-19th */ = {
			isa = PBXGroup;
			children = (
				3EA79F4D21CB1D8600234D55 /* Gotti.mp3 */,
				3EA79F3B21CB1CD800234D55 /* AppDelegate.swift */,
				3EA79F3D21CB1CD800234D55 /* ViewController.swift */,
				3EA79F3F21CB1CD800234D55 /* Main.storyboard */,
				3EA79F4221CB1CD900234D55 /* Assets.xcassets */,
				3EA79F4F21CB1DD400234D55 /* Extensions+UIView.swift */,
				3EA79F4421CB1CD900234D55 /* LaunchScreen.storyboard */,
				3EA79F4721CB1CD900234D55 /* Info.plist */,
			);
			path = "December-19th";
			sourceTree = "<group>";
		};
/* End PBXGroup section */

/* Begin PBXNativeTarget section */
		3EA79F3721CB1CD800234D55 /* December-19th */ = {
			isa = PBXNativeTarget;
			buildConfigurationList = 3EA79F4A21CB1CD900234D55 /* Build configuration list for PBXNativeTarget "December-19th" */;
			buildPhases = (
				3EA79F3421CB1CD800234D55 /* Sources */,
				3EA79F3521CB1CD800234D55 /* Frameworks */,
				3EA79F3621CB1CD800234D55 /* Resources */,
			);
			buildRules = (
			);
			dependencies = (
			);
			name = "December-19th";
			productName = "December-19th";
			productReference = 3EA79F3821CB1CD800234D55 /* December-19th.app */;
			productType = "com.apple.product-type.application";
		};
/* End PBXNativeTarget section */

/* Begin PBXProject section */
		3EA79F3021CB1CD800234D55 /* Project object */ = {
			isa = PBXProject;
			attributes = {
				LastSwiftUpdateCheck = 1010;
				LastUpgradeCheck = 1010;
				ORGANIZATIONNAME = "Joey Essak";
				TargetAttributes = {
					3EA79F3721CB1CD800234D55 = {
						CreatedOnToolsVersion = 10.1;
					};
				};
			};
			buildConfigurationList = 3EA79F3321CB1CD800234D55 /* Build configuration list for PBXProject "December-19th" */;
			compatibilityVersion = "Xcode 9.3";
			developmentRegion = en;
			hasScannedForEncodings = 0;
			knownRegions = (
				en,
				Base,
			);
			mainGroup = 3EA79F2F21CB1CD800234D55;
			productRefGroup = 3EA79F3921CB1CD800234D55 /* Products */;
			projectDirPath = "";
			projectRoot = "";
			targets = (
				3EA79F3721CB1CD800234D55 /* December-19th */,
			);
		};
/* End PBXProject section */

/* Begin PBXResourcesBuildPhase section */
		3EA79F3621CB1CD800234D55 /* Resources */ = {
			isa = PBXResourcesBuildPhase;
			buildActionMask = 2147483647;
			files = (
				3EA79F4621CB1CD900234D55 /* LaunchScreen.storyboard in Resources */,
				3EA79F4321CB1CD900234D55 /* Assets.xcassets in Resources */,
				3EA79F4E21CB1D8600234D55 /* Gotti.mp3 in Resources */,
				3EA79F4121CB1CD800234D55 /* Main.storyboard in Resources */,
			);
			runOnlyForDeploymentPostprocessing = 0;
		};
/* End PBXResourcesBuildPhase section */

/* Begin PBXSourcesBuildPhase section */
		3EA79F3421CB1CD800234D55 /* Sources */ = {
			isa = PBXSourcesBuildPhase;
			buildActionMask = 2147483647;
			files = (
				3EA79F3E21CB1CD800234D55 /* ViewController.swift in Sources */,
				3EA79F3C21CB1CD800234D55 /* AppDelegate.swift in Sources */,
				3EA79F5021CB1DD400234D55 /* Extensions+UIView.swift in Sources */,
			);
			runOnlyForDeploymentPostprocessing = 0;
		};
/* End PBXSourcesBuildPhase section */

/* Begin PBXVariantGroup section */
		3EA79F3F21CB1CD800234D55 /* Main.storyboard */ = {
			isa = PBXVariantGroup;
			children = (
				3EA79F4021CB1CD800234D55 /* Base */,
			);
			name = Main.storyboard;
			sourceTree = "<group>";
		};
		3EA79F4421CB1CD900234D55 /* LaunchScreen.storyboard */ = {
			isa = PBXVariantGroup;
			children = (
				3EA79F4521CB1CD900234D55 /* Base */,
			);
			name = LaunchScreen.storyboard;
			sourceTree = "<group>";
		};
/* End PBXVariantGroup section */

/* Begin XCBuildConfiguration section */
		3EA79F4821CB1CD900234D55 /* Debug */ = {
			isa = XCBuildConfiguration;
			buildSettings = {
				ALWAYS_SEARCH_USER_PATHS = NO;
				CLANG_ANALYZER_NONNULL = YES;
				CLANG_ANALYZER_NUMBER_OBJECT_CONVERSION = YES_AGGRESSIVE;
				CLANG_CXX_LANGUAGE_STANDARD = "gnu++14";
				CLANG_CXX_LIBRARY = "libc++";
				CLANG_ENABLE_MODULES = YES;
				CLANG_ENABLE_OBJC_ARC = YES;
				CLANG_ENABLE_OBJC_WEAK = YES;
				CLANG_WARN_BLOCK_CAPTURE_AUTORELEASING = YES;
				CLANG_WARN_BOOL_CONVERSION = YES;
				CLANG_WARN_COMMA = YES;
				CLANG_WARN_CONSTANT_CONVERSION = YES;
				CLANG_WARN_DEPRECATED_OBJC_IMPLEMENTATIONS = YES;
				CLANG_WARN_DIRECT_OBJC_ISA_USAGE = YES_ERROR;
				CLANG_WARN_DOCUMENTATION_COMMENTS = YES;
				CLANG_WARN_EMPTY_BODY = YES;
				CLANG_WARN_ENUM_CONVERSION = YES;
				CLANG_WARN_INFINITE_RECURSION = YES;
				CLANG_WARN_INT_CONVERSION = YES;
				CLANG_WARN_NON_LITERAL_NULL_CONVERSION = YES;
				CLANG_WARN_OBJC_IMPLICIT_RETAIN_SELF = YES;
				CLANG_WARN_OBJC_LITERAL_CONVERSION = YES;
				CLANG_WARN_OBJC_ROOT_CLASS = YES_ERROR;
				CLANG_WARN_RANGE_LOOP_ANALYSIS = YES;
				CLANG_WARN_STRICT_PROTOTYPES = YES;
				CLANG_WARN_SUSPICIOUS_MOVE = YES;
				CLANG_WARN_UNGUARDED_AVAILABILITY = YES_AGGRESSIVE;
				CLANG_WARN_UNREACHABLE_CODE = YES;
				CLANG_WARN__DUPLICATE_METHOD_MATCH = YES;
				CODE_SIGN_IDENTITY = "iPhone Developer";
				COPY_PHASE_STRIP = NO;
				DEBUG_INFORMATION_FORMAT = dwarf;
				ENABLE_STRICT_OBJC_MSGSEND = YES;
				ENABLE_TESTABILITY = YES;
				GCC_C_LANGUAGE_STANDARD = gnu11;
				GCC_DYNAMIC_NO_PIC = NO;
				GCC_NO_COMMON_BLOCKS = YES;
				GCC_OPTIMIZATION_LEVEL = 0;
				GCC_PREPROCESSOR_DEFINITIONS = (
					"DEBUG=1",
					"$(inherited)",
				);
				GCC_WARN_64_TO_32_BIT_CONVERSION = YES;
				GCC_WARN_ABOUT_RETURN_TYPE = YES_ERROR;
				GCC_WARN_UNDECLARED_SELECTOR = YES;
				GCC_WARN_UNINITIALIZED_AUTOS = YES_AGGRESSIVE;
				GCC_WARN_UNUSED_FUNCTION = YES;
				GCC_WARN_UNUSED_VARIABLE = YES;
				IPHONEOS_DEPLOYMENT_TARGET = 12.1;
				MTL_ENABLE_DEBUG_INFO = INCLUDE_SOURCE;
				MTL_FAST_MATH = YES;
				ONLY_ACTIVE_ARCH = YES;
				SDKROOT = iphoneos;
				SWIFT_ACTIVE_COMPILATION_CONDITIONS = DEBUG;
				SWIFT_OPTIMIZATION_LEVEL = "-Onone";
			};
			name = Debug;
		};
		3EA79F4921CB1CD900234D55 /* Release */ = {
			isa = XCBuildConfiguration;
			buildSettings = {
				ALWAYS_SEARCH_USER_PATHS = NO;
				CLANG_ANALYZER_NONNULL = YES;
				CLANG_ANALYZER_NUMBER_OBJECT_CONVERSION = YES_AGGRESSIVE;
				CLANG_CXX_LANGUAGE_STANDARD = "gnu++14";
				CLANG_CXX_LIBRARY = "libc++";
				CLANG_ENABLE_MODULES = YES;
				CLANG_ENABLE_OBJC_ARC = YES;
				CLANG_ENABLE_OBJC_WEAK = YES;
				CLANG_WARN_BLOCK_CAPTURE_AUTORELEASING = YES;
				CLANG_WARN_BOOL_CONVERSION = YES;
				CLANG_WARN_COMMA = YES;
				CLANG_WARN_CONSTANT_CONVERSION = YES;
				CLANG_WARN_DEPRECATED_OBJC_IMPLEMENTATIONS = YES;
				CLANG_WARN_DIRECT_OBJC_ISA_USAGE = YES_ERROR;
				CLANG_WARN_DOCUMENTATION_COMMENTS = YES;
				CLANG_WARN_EMPTY_BODY = YES;
				CLANG_WARN_ENUM_CONVERSION = YES;
				CLANG_WARN_INFINITE_RECURSION = YES;
				CLANG_WARN_INT_CONVERSION = YES;
				CLANG_WARN_NON_LITERAL_NULL_CONVERSION = YES;
				CLANG_WARN_OBJC_IMPLICIT_RETAIN_SELF = YES;
				CLANG_WARN_OBJC_LITERAL_CONVERSION = YES;
				CLANG_WARN_OBJC_ROOT_CLASS = YES_ERROR;
				CLANG_WARN_RANGE_LOOP_ANALYSIS = YES;
				CLANG_WARN_STRICT_PROTOTYPES = YES;
				CLANG_WARN_SUSPICIOUS_MOVE = YES;
				CLANG_WARN_UNGUARDED_AVAILABILITY = YES_AGGRESSIVE;
				CLANG_WARN_UNREACHABLE_CODE = YES;
				CLANG_WARN__DUPLICATE_METHOD_MATCH = YES;
				CODE_SIGN_IDENTITY = "iPhone Developer";
				COPY_PHASE_STRIP = NO;
				DEBUG_INFORMATION_FORMAT = "dwarf-with-dsym";
				ENABLE_NS_ASSERTIONS = NO;
				ENABLE_STRICT_OBJC_MSGSEND = YES;
				GCC_C_LANGUAGE_STANDARD = gnu11;
				GCC_NO_COMMON_BLOCKS = YES;
				GCC_WARN_64_TO_32_BIT_CONVERSION = YES;
				GCC_WARN_ABOUT_RETURN_TYPE = YES_ERROR;
				GCC_WARN_UNDECLARED_SELECTOR = YES;
				GCC_WARN_UNINITIALIZED_AUTOS = YES_AGGRESSIVE;
				GCC_WARN_UNUSED_FUNCTION = YES;
				GCC_WARN_UNUSED_VARIABLE = YES;
				IPHONEOS_DEPLOYMENT_TARGET = 12.1;
				MTL_ENABLE_DEBUG_INFO = NO;
				MTL_FAST_MATH = YES;
				SDKROOT = iphoneos;
				SWIFT_COMPILATION_MODE = wholemodule;
				SWIFT_OPTIMIZATION_LEVEL = "-O";
				VALIDATE_PRODUCT = YES;
			};
			name = Release;
		};
		3EA79F4B21CB1CD900234D55 /* Debug */ = {
			isa = XCBuildConfiguration;
			buildSettings = {
				ASSETCATALOG_COMPILER_APPICON_NAME = AppIcon;
				CODE_SIGN_STYLE = Automatic;
				DEVELOPMENT_TEAM = 36732PF83R;
				INFOPLIST_FILE = "December-19th/Info.plist";
				LD_RUNPATH_SEARCH_PATHS = (
					"$(inherited)",
					"@executable_path/Frameworks",
				);
				PRODUCT_BUNDLE_IDENTIFIER = "com.joeyessak.December-19th";
				PRODUCT_NAME = "$(TARGET_NAME)";
				SWIFT_VERSION = 4.2;
				TARGETED_DEVICE_FAMILY = "1,2";
			};
			name = Debug;
		};
		3EA79F4C21CB1CD900234D55 /* Release */ = {
			isa = XCBuildConfiguration;
			buildSettings = {
				ASSETCATALOG_COMPILER_APPICON_NAME = AppIcon;
				CODE_SIGN_STYLE = Automatic;
				DEVELOPMENT_TEAM = 36732PF83R;
				INFOPLIST_FILE = "December-19th/Info.plist";
				LD_RUNPATH_SEARCH_PATHS = (
					"$(inherited)",
					"@executable_path/Frameworks",
				);
				PRODUCT_BUNDLE_IDENTIFIER = "com.joeyessak.December-19th";
				PRODUCT_NAME = "$(TARGET_NAME)";
				SWIFT_VERSION = 4.2;
				TARGETED_DEVICE_FAMILY = "1,2";
			};
			name = Release;
		};
/* End XCBuildConfiguration section */

/* Begin XCConfigurationList section */
		3EA79F3321CB1CD800234D55 /* Build configuration list for PBXProject "December-19th" */ = {
			isa = XCConfigurationList;
			buildConfigurations = (
				3EA79F4821CB1CD900234D55 /* Debug */,
				3EA79F4921CB1CD900234D55 /* Release */,
			);
			defaultConfigurationIsVisible = 0;
			defaultConfigurationName = Release;
		};
		3EA79F4A21CB1CD900234D55 /* Build configuration list for PBXNativeTarget "December-19th" */ = {
			isa = XCConfigurationList;
			buildConfigurations = (
				3EA79F4B21CB1CD900234D55 /* Debug */,
				3EA79F4C21CB1CD900234D55 /* Release */,
			);
			defaultConfigurationIsVisible = 0;
			defaultConfigurationName = Release;
		};
/* End XCConfigurationList section */
	};
	rootObject = 3EA79F3021CB1CD800234D55 /* Project object */;
}
